# This file is automatically @generated by Cargo.
# It is not intended for manual editing.
version = 4

[[package]]
name = "aead"
version = "0.6.0-rc.3"
source = "registry+https://github.com/rust-lang/crates.io-index"
checksum = "03d2d54c4d9e7006f132f615a167865bff927a79ca63d8f637237575ce0a9795"
dependencies = [
 "crypto-common",
 "inout",
]

[[package]]
name = "aes"
version = "0.9.0-rc.2"
source = "registry+https://github.com/rust-lang/crates.io-index"
checksum = "fd9e1c818b25efb32214df89b0ec22f01aa397aaeb718d1022bf0635a3bfd1a8"
dependencies = [
 "cfg-if",
 "cipher",
 "cpufeatures",
]

[[package]]
name = "aes-gcm"
version = "0.11.0-rc.2"
source = "registry+https://github.com/rust-lang/crates.io-index"
checksum = "7f5c07f414d7dc0755870f84c7900425360288d24e0eae4836f9dee19a30fa5f"
dependencies = [
 "aead",
 "aes",
 "cipher",
 "ctr",
 "ghash",
 "subtle",
]

[[package]]
name = "aho-corasick"
version = "1.1.3"
source = "registry+https://github.com/rust-lang/crates.io-index"
checksum = "8e60d3430d3a69478ad0993f19238d2df97c507009a52b3c10addcd7f6bcb916"
dependencies = [
 "memchr",
]

[[package]]
name = "autocfg"
version = "1.5.0"
source = "registry+https://github.com/rust-lang/crates.io-index"
checksum = "c08606f8c3cbf4ce6ec8e28fb0014a2c086708fe954eaa885384a6165172e7e8"

[[package]]
name = "base16ct"
version = "0.3.0"
source = "registry+https://github.com/rust-lang/crates.io-index"
checksum = "d8b59d472eab27ade8d770dcb11da7201c11234bef9f82ce7aa517be028d462b"

[[package]]
name = "base64ct"
version = "1.8.1"
source = "registry+https://github.com/rust-lang/crates.io-index"
checksum = "0e050f626429857a27ddccb31e0aca21356bfa709c04041aefddac081a8f068a"

[[package]]
name = "bit-set"
version = "0.8.0"
source = "registry+https://github.com/rust-lang/crates.io-index"
checksum = "08807e080ed7f9d5433fa9b275196cfc35414f66a0c79d864dc51a0d825231a3"
dependencies = [
 "bit-vec",
]

[[package]]
name = "bit-vec"
version = "0.8.0"
source = "registry+https://github.com/rust-lang/crates.io-index"
checksum = "5e764a1d40d510daf35e07be9eb06e75770908c27d411ee6c92109c9840eaaf7"

[[package]]
name = "bitflags"
version = "2.9.4"
source = "registry+https://github.com/rust-lang/crates.io-index"
checksum = "2261d10cca569e4643e526d8dc2e62e433cc8aba21ab764233731f8d369bf394"

[[package]]
name = "block-buffer"
version = "0.11.0-rc.5"
source = "registry+https://github.com/rust-lang/crates.io-index"
checksum = "e9ef36a6fcdb072aa548f3da057640ec10859eb4e91ddf526ee648d50c76a949"
dependencies = [
 "hybrid-array",
]

[[package]]
name = "block-padding"
version = "0.4.1"
source = "registry+https://github.com/rust-lang/crates.io-index"
checksum = "41d28ed5f5f65056148fd25e1a596b5b6d9e772270abf9a9085d7cbfbf26c563"
dependencies = [
 "hybrid-array",
]

[[package]]
name = "cbc"
version = "0.2.0-rc.2"
source = "registry+https://github.com/rust-lang/crates.io-index"
checksum = "3c34a745c272d1f6124df3006881364190a8f033ff3857ce196a17aa4a753096"
dependencies = [
 "cipher",
]

[[package]]
name = "cfg-if"
version = "1.0.3"
source = "registry+https://github.com/rust-lang/crates.io-index"
checksum = "2fd1289c04a9ea8cb22300a459a72a385d7c73d3259e2ed7dcb2af674838cfa9"

[[package]]
name = "chacha20"
version = "0.10.0-rc.6"
source = "registry+https://github.com/rust-lang/crates.io-index"
checksum = "f895fb33c1ad22da4bc79d37c0bddff8aee2ba4575705345eb73b8ffbc386074"
dependencies = [
 "cfg-if",
 "cpufeatures",
 "rand_core 0.10.0-rc-3",
]

[[package]]
name = "cipher"
version = "0.5.0-rc.2"
source = "registry+https://github.com/rust-lang/crates.io-index"
checksum = "155e4a260750fa4f7754649f049748aacc31db238a358d85fd721002f230f92f"
dependencies = [
 "block-buffer",
 "crypto-common",
 "inout",
]

[[package]]
name = "cmov"
version = "0.4.3"
source = "registry+https://github.com/rust-lang/crates.io-index"
checksum = "c11ed919bd3bae4af5ab56372b627dfc32622aba6cec36906e8ab46746037c9d"

[[package]]
name = "const-oid"
version = "0.10.1"
source = "registry+https://github.com/rust-lang/crates.io-index"
checksum = "0dabb6555f92fb9ee4140454eb5dcd14c7960e1225c6d1a6cc361f032947713e"

[[package]]
name = "cpufeatures"
version = "0.2.17"
source = "registry+https://github.com/rust-lang/crates.io-index"
checksum = "59ed5838eebb26a2bb2e58f6d5b5316989ae9d08bab10e0e6d103e656d1b0280"
dependencies = [
 "libc",
]

[[package]]
name = "crypto-bigint"
version = "0.7.0-rc.13"
source = "registry+https://github.com/rust-lang/crates.io-index"
checksum = "b2bb4138de6db76c8155b4423e967049fbef2cf84ad6af7f552f73a161941b72"
dependencies = [
 "ctutils",
 "getrandom 0.4.0-rc.0",
 "num-traits",
 "rand_core 0.10.0-rc-3",
 "serdect",
 "zeroize",
]

[[package]]
name = "crypto-common"
version = "0.2.0-rc.8"
source = "registry+https://github.com/rust-lang/crates.io-index"
checksum = "e6165b8029cdc3e765b74d3548f85999ee799d5124877ce45c2c85ca78e4d4aa"
dependencies = [
 "getrandom 0.4.0-rc.0",
 "hybrid-array",
 "rand_core 0.10.0-rc-3",
]

[[package]]
name = "crypto-primes"
version = "0.7.0-pre.5"
source = "registry+https://github.com/rust-lang/crates.io-index"
checksum = "da0b07a7a616370e8b6efca0c6a25e5f4c6d02fde11f3d570e4af64d8ed7e2e9"
dependencies = [
 "crypto-bigint",
 "libm",
 "rand_core 0.10.0-rc-3",
]

[[package]]
name = "ctr"
version = "0.10.0-rc.2"
source = "registry+https://github.com/rust-lang/crates.io-index"
checksum = "3d0ec605a95e78815a4c4b8040217d56d5a1ab37043851ee9e7e65b89afa00e3"
dependencies = [
 "cipher",
]

[[package]]
name = "ctutils"
version = "0.3.0"
source = "registry+https://github.com/rust-lang/crates.io-index"
checksum = "130ffe18bdf7a4926e57ed19d404995244e6c8d6a97abf4eddde1f892bf1ce0c"
dependencies = [
 "cmov",
]

[[package]]
name = "der"
version = "0.8.0-rc.9"
source = "registry+https://github.com/rust-lang/crates.io-index"
checksum = "e9d8dd2f26c86b27a2a8ea2767ec7f9df7a89516e4794e54ac01ee618dda3aa4"
dependencies = [
 "const-oid",
 "pem-rfc7468",
 "zeroize",
]

[[package]]
name = "digest"
version = "0.11.0-rc.4"
source = "registry+https://github.com/rust-lang/crates.io-index"
checksum = "ea390c940e465846d64775e55e3115d5dc934acb953de6f6e6360bc232fe2bf7"
dependencies = [
 "block-buffer",
 "const-oid",
 "crypto-common",
 "subtle",
]

[[package]]
name = "equivalent"
version = "1.0.2"
source = "registry+https://github.com/rust-lang/crates.io-index"
checksum = "877a4ace8713b0bcf2a4e7eec82529c029f1d0619886d18145fea96c3ffe5c0f"

[[package]]
name = "errno"
version = "0.3.14"
source = "registry+https://github.com/rust-lang/crates.io-index"
checksum = "39cab71617ae0d63f51a36d69f866391735b51691dbda63cf6f96d042b63efeb"
dependencies = [
 "libc",
 "windows-sys",
]

[[package]]
name = "fastrand"
version = "2.3.0"
source = "registry+https://github.com/rust-lang/crates.io-index"
checksum = "37909eebbb50d72f9059c3b6d82c0463f2ff062c9e95845c43a6c9c0355411be"

[[package]]
name = "fnv"
version = "1.0.7"
source = "registry+https://github.com/rust-lang/crates.io-index"
checksum = "3f9eec918d3f24069decb9af1554cad7c880e2da24a9afd88aca000531ab82c1"

[[package]]
name = "futures-core"
version = "0.3.31"
source = "registry+https://github.com/rust-lang/crates.io-index"
checksum = "05f29059c0c2090612e8d742178b0580d2dc940c837851ad723096f87af6663e"

[[package]]
name = "futures-macro"
version = "0.3.31"
source = "registry+https://github.com/rust-lang/crates.io-index"
checksum = "162ee34ebcb7c64a8abebc059ce0fee27c2262618d7b60ed8faf72fef13c3650"
dependencies = [
 "proc-macro2",
 "quote",
 "syn",
]

[[package]]
name = "futures-task"
version = "0.3.31"
source = "registry+https://github.com/rust-lang/crates.io-index"
checksum = "f90f7dce0722e95104fcb095585910c0977252f286e354b5e3bd38902cd99988"

[[package]]
name = "futures-timer"
version = "3.0.3"
source = "registry+https://github.com/rust-lang/crates.io-index"
checksum = "f288b0a4f20f9a56b5d1da57e2227c661b7b16168e2f72365f57b63326e29b24"

[[package]]
name = "futures-util"
version = "0.3.31"
source = "registry+https://github.com/rust-lang/crates.io-index"
checksum = "9fa08315bb612088cc391249efdc3bc77536f16c91f6cf495e6fbe85b20a4a81"
dependencies = [
 "futures-core",
 "futures-macro",
 "futures-task",
 "pin-project-lite",
 "pin-utils",
 "slab",
]

[[package]]
name = "getrandom"
version = "0.3.3"
source = "registry+https://github.com/rust-lang/crates.io-index"
checksum = "26145e563e54f2cadc477553f1ec5ee650b00862f0a58bcd12cbdc5f0ea2d2f4"
dependencies = [
 "cfg-if",
 "libc",
 "r-efi",
 "wasi",
]

[[package]]
name = "getrandom"
version = "0.4.0-rc.0"
source = "registry+https://github.com/rust-lang/crates.io-index"
checksum = "3b99f0d993a2b9b97b9a201193aa8ad21305cde06a3be9a7e1f8f4201e5cc27e"
dependencies = [
 "cfg-if",
 "libc",
 "r-efi",
 "rand_core 0.10.0-rc-3",
 "wasip2",
]

[[package]]
name = "ghash"
version = "0.6.0-rc.3"
source = "registry+https://github.com/rust-lang/crates.io-index"
checksum = "333de57ed9494a40df4bbb866752b100819dde0d18f2264c48f5a08a85fe673d"
dependencies = [
 "polyval",
]

[[package]]
name = "glob"
version = "0.3.3"
source = "registry+https://github.com/rust-lang/crates.io-index"
checksum = "0cc23270f6e1808e30a928bdc84dea0b9b4136a8bc82338574f23baf47bbd280"

[[package]]
name = "hashbrown"
version = "0.16.0"
source = "registry+https://github.com/rust-lang/crates.io-index"
checksum = "5419bdc4f6a9207fbeba6d11b604d481addf78ecd10c11ad51e76c2f6482748d"

[[package]]
name = "hex"
version = "0.4.3"
source = "registry+https://github.com/rust-lang/crates.io-index"
checksum = "7f24254aa9a54b5c858eaee2f5bccdb46aaf0e486a595ed5fd8f86ba55232a70"
dependencies = [
 "serde",
]

[[package]]
name = "hex-literal"
version = "1.1.0"
source = "registry+https://github.com/rust-lang/crates.io-index"
checksum = "e712f64ec3850b98572bffac52e2c6f282b29fe6c5fa6d42334b30be438d95c1"

[[package]]
name = "hmac"
version = "0.13.0-rc.3"
source = "registry+https://github.com/rust-lang/crates.io-index"
checksum = "f1c597ac7d6cc8143e30e83ef70915e7f883b18d8bec2e2b2bce47f5bbb06d57"
dependencies = [
 "digest",
]

[[package]]
name = "hybrid-array"
version = "0.4.4"
source = "registry+https://github.com/rust-lang/crates.io-index"
checksum = "2bad028b20a90afcdb5e28a53392562f1db2bdfa238aa1a978b911461bfffb92"
dependencies = [
 "typenum",
]

[[package]]
name = "indexmap"
version = "2.11.4"
source = "registry+https://github.com/rust-lang/crates.io-index"
checksum = "4b0f83760fb341a774ed326568e19f5a863af4a952def8c39f9ab92fd95b88e5"
dependencies = [
 "equivalent",
 "hashbrown",
]

[[package]]
name = "inout"
version = "0.2.1"
source = "registry+https://github.com/rust-lang/crates.io-index"
checksum = "c7357b6e7aa75618c7864ebd0634b115a7218b0615f4cb1df33ac3eca23943d4"
dependencies = [
 "block-padding",
 "hybrid-array",
]

[[package]]
name = "itoa"
version = "1.0.15"
source = "registry+https://github.com/rust-lang/crates.io-index"
checksum = "4a5f13b858c8d314ee3e8f639011f7ccefe71f97f96e50151fb991f267928e2c"

[[package]]
name = "keccak"
version = "0.2.0-rc.0"
source = "registry+https://github.com/rust-lang/crates.io-index"
checksum = "3d546793a04a1d3049bd192856f804cfe96356e2cf36b54b4e575155babe9f41"
dependencies = [
 "cpufeatures",
]

[[package]]
name = "libc"
version = "0.2.176"
source = "registry+https://github.com/rust-lang/crates.io-index"
checksum = "58f929b4d672ea937a23a1ab494143d968337a5f47e56d0815df1e0890ddf174"

[[package]]
name = "libm"
version = "0.2.15"
source = "registry+https://github.com/rust-lang/crates.io-index"
checksum = "f9fbbcab51052fe104eb5e5d351cf728d30a5be1fe14d9be8a3b097481fb97de"

[[package]]
name = "linux-raw-sys"
version = "0.11.0"
source = "registry+https://github.com/rust-lang/crates.io-index"
checksum = "df1d3c3b53da64cf5760482273a98e575c651a67eec7f77df96b5b642de8f039"

[[package]]
name = "memchr"
version = "2.7.6"
source = "registry+https://github.com/rust-lang/crates.io-index"
checksum = "f52b00d39961fc5b2736ea853c9cc86238e165017a493d1d5c8eac6bdc4cc273"

[[package]]
name = "num-traits"
version = "0.2.19"
source = "registry+https://github.com/rust-lang/crates.io-index"
checksum = "071dfc062690e90b734c0b2273ce72ad0ffa95f0c74596bc250dcfd960262841"
dependencies = [
 "autocfg",
]

[[package]]
name = "once_cell"
version = "1.21.3"
source = "registry+https://github.com/rust-lang/crates.io-index"
checksum = "42f5e15c9953c5e4ccceeb2e7382a716482c34515315f7b03532b8b4e8393d2d"

[[package]]
name = "pbkdf2"
version = "0.13.0-rc.2"
source = "registry+https://github.com/rust-lang/crates.io-index"
checksum = "5f4c07efb9394d8d0057793c35483868c2b8102e287e9d2d4328da0da36bcb4d"
dependencies = [
 "digest",
 "hmac",
]

[[package]]
name = "pem-rfc7468"
version = "1.0.0-rc.3"
source = "registry+https://github.com/rust-lang/crates.io-index"
checksum = "a8e58fab693c712c0d4e88f8eb3087b6521d060bcaf76aeb20cb192d809115ba"
dependencies = [
 "base64ct",
]

[[package]]
name = "pin-project-lite"
version = "0.2.16"
source = "registry+https://github.com/rust-lang/crates.io-index"
checksum = "3b3cff922bd51709b605d9ead9aa71031d81447142d828eb4a6eba76fe619f9b"

[[package]]
name = "pin-utils"
version = "0.1.0"
source = "registry+https://github.com/rust-lang/crates.io-index"
checksum = "8b870d8c151b6f2fb93e84a13146138f05d02ed11c7e7c54f8826aaaf7c9f184"

[[package]]
name = "pkcs1"
version = "0.8.0-rc.4"
source = "registry+https://github.com/rust-lang/crates.io-index"
checksum = "986d2e952779af96ea048f160fd9194e1751b4faea78bcf3ceb456efe008088e"
dependencies = [
 "der",
 "spki",
]

[[package]]
name = "pkcs5"
version = "0.8.0-rc.9"
source = "registry+https://github.com/rust-lang/crates.io-index"
checksum = "b52c64cc0eb74e9baf61c3b7ead2c19b0d6c922e33d0c790f6afb95240a07ae8"
dependencies = [
 "aes",
 "aes-gcm",
 "cbc",
 "der",
 "pbkdf2",
 "rand_core 0.10.0-rc-3",
 "scrypt",
 "sha2",
 "spki",
]

[[package]]
name = "pkcs8"
version = "0.11.0-rc.8"
source = "registry+https://github.com/rust-lang/crates.io-index"
checksum = "77089aec8290d0b7bb01b671b091095cf1937670725af4fd73d47249f03b12c0"
dependencies = [
 "der",
 "pkcs5",
 "rand_core 0.10.0-rc-3",
 "spki",
]

[[package]]
name = "polyval"
version = "0.7.0-rc.3"
source = "registry+https://github.com/rust-lang/crates.io-index"
checksum = "1ad60831c19edda4b20878a676595c357e93a9b4e6dca2ba98d75b01066b317b"
dependencies = [
 "cfg-if",
 "cpufeatures",
 "universal-hash",
]

[[package]]
name = "ppv-lite86"
version = "0.2.21"
source = "registry+https://github.com/rust-lang/crates.io-index"
checksum = "85eae3c4ed2f50dcfe72643da4befc30deadb458a9b590d720cde2f2b1e97da9"
dependencies = [
 "zerocopy",
]

[[package]]
name = "proc-macro-crate"
version = "3.4.0"
source = "registry+https://github.com/rust-lang/crates.io-index"
checksum = "219cb19e96be00ab2e37d6e299658a0cfa83e52429179969b0f0121b4ac46983"
dependencies = [
 "toml_edit",
]

[[package]]
name = "proc-macro2"
version = "1.0.101"
source = "registry+https://github.com/rust-lang/crates.io-index"
checksum = "89ae43fd86e4158d6db51ad8e2b80f313af9cc74f5c0e03ccb87de09998732de"
dependencies = [
 "unicode-ident",
]

[[package]]
name = "proptest"
version = "1.9.0"
source = "registry+https://github.com/rust-lang/crates.io-index"
checksum = "bee689443a2bd0a16ab0348b52ee43e3b2d1b1f931c8aa5c9f8de4c86fbe8c40"
dependencies = [
 "bit-set",
 "bit-vec",
 "bitflags",
 "num-traits",
 "rand 0.9.2",
 "rand_chacha",
 "rand_xorshift",
 "regex-syntax",
 "rusty-fork",
 "tempfile",
 "unarray",
]

[[package]]
name = "quick-error"
version = "1.2.3"
source = "registry+https://github.com/rust-lang/crates.io-index"
checksum = "a1d01941d82fa2ab50be1e79e6714289dd7cde78eba4c074bc5a4374f650dfe0"

[[package]]
name = "quote"
version = "1.0.40"
source = "registry+https://github.com/rust-lang/crates.io-index"
checksum = "1885c039570dc00dcb4ff087a89e185fd56bae234ddc7f056a945bf36467248d"
dependencies = [
 "proc-macro2",
]

[[package]]
name = "r-efi"
version = "5.3.0"
source = "registry+https://github.com/rust-lang/crates.io-index"
checksum = "69cdb34c158ceb288df11e18b4bd39de994f6657d83847bdffdbd7f346754b0f"

[[package]]
name = "rand"
version = "0.9.2"
source = "registry+https://github.com/rust-lang/crates.io-index"
checksum = "6db2770f06117d490610c7488547d543617b21bfa07796d7a12f6f1bd53850d1"
dependencies = [
 "rand_chacha",
 "rand_core 0.9.3",
]

[[package]]
name = "rand"
version = "0.10.0-rc.5"
source = "git+https://github.com/rust-random/rand#ff07ec205347dd749a586aaee7218cb21590ea4c"
dependencies = [
 "chacha20",
 "getrandom 0.4.0-rc.0",
 "rand_core 0.10.0-rc-3",
]

[[package]]
name = "rand_chacha"
version = "0.9.0"
source = "registry+https://github.com/rust-lang/crates.io-index"
checksum = "d3022b5f1df60f26e1ffddd6c66e8aa15de382ae63b3a0c1bfc0e4d3e3f325cb"
dependencies = [
 "ppv-lite86",
 "rand_core 0.9.3",
]

[[package]]
name = "rand_core"
version = "0.9.3"
source = "registry+https://github.com/rust-lang/crates.io-index"
checksum = "99d9a13982dcf210057a8a78572b2217b667c3beacbf3a0d8b454f6f82837d38"
dependencies = [
 "getrandom 0.3.3",
]

[[package]]
name = "rand_core"
version = "0.10.0-rc-3"
source = "registry+https://github.com/rust-lang/crates.io-index"
checksum = "f66ee92bc15280519ef199a274fe0cafff4245d31bc39aaa31c011ad56cb1f05"

[[package]]
name = "rand_xorshift"
version = "0.4.0"
source = "registry+https://github.com/rust-lang/crates.io-index"
checksum = "513962919efc330f829edb2535844d1b912b0fbe2ca165d613e4e8788bb05a5a"
dependencies = [
 "rand_core 0.9.3",
]

[[package]]
name = "regex"
version = "1.11.2"
source = "registry+https://github.com/rust-lang/crates.io-index"
checksum = "23d7fd106d8c02486a8d64e778353d1cffe08ce79ac2e82f540c86d0facf6912"
dependencies = [
 "aho-corasick",
 "memchr",
 "regex-automata",
 "regex-syntax",
]

[[package]]
name = "regex-automata"
version = "0.4.10"
source = "registry+https://github.com/rust-lang/crates.io-index"
checksum = "6b9458fa0bfeeac22b5ca447c63aaf45f28439a709ccd244698632f9aa6394d6"
dependencies = [
 "aho-corasick",
 "memchr",
 "regex-syntax",
]

[[package]]
name = "regex-syntax"
version = "0.8.6"
source = "registry+https://github.com/rust-lang/crates.io-index"
checksum = "caf4aa5b0f434c91fe5c7f1ecb6a5ece2130b02ad2a590589dda5146df959001"

[[package]]
name = "relative-path"
version = "1.9.3"
source = "registry+https://github.com/rust-lang/crates.io-index"
checksum = "ba39f3699c378cd8970968dcbff9c43159ea4cfbd88d43c00b22f2ef10a435d2"

[[package]]
name = "rsa"
version = "0.10.0-rc.11"
dependencies = [
 "base64ct",
 "const-oid",
 "crypto-bigint",
 "crypto-common",
 "crypto-primes",
 "digest",
 "hex",
 "hex-literal",
 "pkcs1",
 "pkcs8",
 "proptest",
 "rand 0.10.0-rc.5",
 "rand_core 0.10.0-rc-3",
 "rstest",
 "serde",
 "serde_json",
 "serde_test",
 "serdect",
 "sha1",
 "sha2",
 "sha3",
 "signature",
 "spki",
 "zeroize",
]

[[package]]
name = "rstest"
version = "0.26.1"
source = "registry+https://github.com/rust-lang/crates.io-index"
checksum = "f5a3193c063baaa2a95a33f03035c8a72b83d97a54916055ba22d35ed3839d49"
dependencies = [
 "futures-timer",
 "futures-util",
 "rstest_macros",
]

[[package]]
name = "rstest_macros"
version = "0.26.1"
source = "registry+https://github.com/rust-lang/crates.io-index"
checksum = "9c845311f0ff7951c5506121a9ad75aec44d083c31583b2ea5a30bcb0b0abba0"
dependencies = [
 "cfg-if",
 "glob",
 "proc-macro-crate",
 "proc-macro2",
 "quote",
 "regex",
 "relative-path",
 "rustc_version",
 "syn",
 "unicode-ident",
]

[[package]]
name = "rustc_version"
version = "0.4.1"
source = "registry+https://github.com/rust-lang/crates.io-index"
checksum = "cfcb3a22ef46e85b45de6ee7e79d063319ebb6594faafcf1c225ea92ab6e9b92"
dependencies = [
 "semver",
]

[[package]]
name = "rustix"
version = "1.1.2"
source = "registry+https://github.com/rust-lang/crates.io-index"
checksum = "cd15f8a2c5551a84d56efdc1cd049089e409ac19a3072d5037a17fd70719ff3e"
dependencies = [
 "bitflags",
 "errno",
 "libc",
 "linux-raw-sys",
 "windows-sys",
]

[[package]]
name = "rusty-fork"
version = "0.3.0"
source = "registry+https://github.com/rust-lang/crates.io-index"
checksum = "cb3dcc6e454c328bb824492db107ab7c0ae8fcffe4ad210136ef014458c1bc4f"
dependencies = [
 "fnv",
 "quick-error",
 "tempfile",
 "wait-timeout",
]

[[package]]
name = "ryu"
version = "1.0.20"
source = "registry+https://github.com/rust-lang/crates.io-index"
checksum = "28d3b2b1366ec20994f1fd18c3c594f05c5dd4bc44d8bb0c1c632c8d6829481f"

[[package]]
name = "salsa20"
version = "0.11.0-rc.1"
source = "registry+https://github.com/rust-lang/crates.io-index"
checksum = "d3ff3b81c8a6e381bc1673768141383f9328048a60edddcfc752a8291a138443"
dependencies = [
 "cfg-if",
 "cipher",
]

[[package]]
name = "scrypt"
version = "0.12.0-rc.2"
source = "registry+https://github.com/rust-lang/crates.io-index"
checksum = "b3c33c6091950068d08cb0974afb259fba7fb7e992bf297a8b264c47b3d82d75"
dependencies = [
 "pbkdf2",
 "salsa20",
 "sha2",
]

[[package]]
name = "semver"
version = "1.0.27"
source = "registry+https://github.com/rust-lang/crates.io-index"
checksum = "d767eb0aabc880b29956c35734170f26ed551a859dbd361d140cdbeca61ab1e2"

[[package]]
name = "serde"
version = "1.0.227"
source = "registry+https://github.com/rust-lang/crates.io-index"
checksum = "80ece43fc6fbed4eb5392ab50c07334d3e577cbf40997ee896fe7af40bba4245"
dependencies = [
 "serde_core",
 "serde_derive",
]

[[package]]
name = "serde_core"
version = "1.0.227"
source = "registry+https://github.com/rust-lang/crates.io-index"
checksum = "7a576275b607a2c86ea29e410193df32bc680303c82f31e275bbfcafe8b33be5"
dependencies = [
 "serde_derive",
]

[[package]]
name = "serde_derive"
version = "1.0.227"
source = "registry+https://github.com/rust-lang/crates.io-index"
checksum = "51e694923b8824cf0e9b382adf0f60d4e05f348f357b38833a3fa5ed7c2ede04"
dependencies = [
 "proc-macro2",
 "quote",
 "syn",
]

[[package]]
name = "serde_json"
version = "1.0.145"
source = "registry+https://github.com/rust-lang/crates.io-index"
checksum = "402a6f66d8c709116cf22f558eab210f5a50187f702eb4d7e5ef38d9a7f1c79c"
dependencies = [
 "itoa",
 "memchr",
 "ryu",
 "serde",
 "serde_core",
]

[[package]]
name = "serde_test"
version = "1.0.177"
source = "registry+https://github.com/rust-lang/crates.io-index"
checksum = "7f901ee573cab6b3060453d2d5f0bae4e6d628c23c0a962ff9b5f1d7c8d4f1ed"
dependencies = [
 "serde",
]

[[package]]
name = "serdect"
version = "0.4.1"
source = "registry+https://github.com/rust-lang/crates.io-index"
checksum = "d3ef0e35b322ddfaecbc60f34ab448e157e48531288ee49fafbb053696b8ffe2"
dependencies = [
 "base16ct",
 "serde",
]

[[package]]
name = "sha1"
version = "0.11.0-rc.3"
source = "registry+https://github.com/rust-lang/crates.io-index"
checksum = "aa1ae819b9870cadc959a052363de870944a1646932d274a4e270f64bf79e5ef"
dependencies = [
 "cfg-if",
 "cpufeatures",
 "digest",
]

[[package]]
name = "sha2"
version = "0.11.0-rc.3"
source = "registry+https://github.com/rust-lang/crates.io-index"
checksum = "19d43dc0354d88b791216bb5c1bfbb60c0814460cc653ae0ebd71f286d0bd927"
dependencies = [
 "cfg-if",
 "cpufeatures",
 "digest",
]

[[package]]
name = "sha3"
version = "0.11.0-rc.3"
source = "registry+https://github.com/rust-lang/crates.io-index"
checksum = "2103ca0e6f4e9505eae906de5e5883e06fc3b2232fb5d6914890c7bbcb62f478"
dependencies = [
 "digest",
 "keccak",
]

[[package]]
name = "signature"
version = "3.0.0-rc.5"
source = "registry+https://github.com/rust-lang/crates.io-index"
checksum = "2a0251c9d6468f4ba853b6352b190fb7c1e405087779917c238445eb03993826"
dependencies = [
 "digest",
 "rand_core 0.10.0-rc-3",
]

[[package]]
name = "slab"
version = "0.4.11"
source = "registry+https://github.com/rust-lang/crates.io-index"
checksum = "7a2ae44ef20feb57a68b23d846850f861394c2e02dc425a50098ae8c90267589"

[[package]]
name = "spki"
version = "0.8.0-rc.4"
source = "registry+https://github.com/rust-lang/crates.io-index"
checksum = "8baeff88f34ed0691978ec34440140e1572b68c7dd4a495fd14a3dc1944daa80"
dependencies = [
 "base64ct",
 "der",
]

[[package]]
name = "subtle"
version = "2.6.1"
source = "registry+https://github.com/rust-lang/crates.io-index"
checksum = "13c2bddecc57b384dee18652358fb23172facb8a2c51ccc10d74c157bdea3292"

[[package]]
name = "syn"
version = "2.0.106"
source = "registry+https://github.com/rust-lang/crates.io-index"
checksum = "ede7c438028d4436d71104916910f5bb611972c5cfd7f89b8300a8186e6fada6"
dependencies = [
 "proc-macro2",
 "quote",
 "unicode-ident",
]

[[package]]
name = "tempfile"
version = "3.23.0"
source = "registry+https://github.com/rust-lang/crates.io-index"
checksum = "2d31c77bdf42a745371d260a26ca7163f1e0924b64afa0b688e61b5a9fa02f16"
dependencies = [
 "fastrand",
 "getrandom 0.3.3",
 "once_cell",
 "rustix",
 "windows-sys",
]

[[package]]
name = "toml_datetime"
version = "0.7.2"
source = "registry+https://github.com/rust-lang/crates.io-index"
checksum = "32f1085dec27c2b6632b04c80b3bb1b4300d6495d1e129693bdda7d91e72eec1"
dependencies = [
 "serde_core",
]

[[package]]
name = "toml_edit"
version = "0.23.6"
source = "registry+https://github.com/rust-lang/crates.io-index"
checksum = "f3effe7c0e86fdff4f69cdd2ccc1b96f933e24811c5441d44904e8683e27184b"
dependencies = [
 "indexmap",
 "toml_datetime",
 "toml_parser",
 "winnow",
]

[[package]]
name = "toml_parser"
version = "1.0.3"
source = "registry+https://github.com/rust-lang/crates.io-index"
checksum = "4cf893c33be71572e0e9aa6dd15e6677937abd686b066eac3f8cd3531688a627"
dependencies = [
 "winnow",
]

[[package]]
name = "typenum"
version = "1.18.0"
source = "registry+https://github.com/rust-lang/crates.io-index"
checksum = "1dccffe3ce07af9386bfd29e80c0ab1a8205a2fc34e4bcd40364df902cfa8f3f"

[[package]]
name = "unarray"
version = "0.1.4"
source = "registry+https://github.com/rust-lang/crates.io-index"
checksum = "eaea85b334db583fe3274d12b4cd1880032beab409c0d774be044d4480ab9a94"

[[package]]
name = "unicode-ident"
version = "1.0.19"
source = "registry+https://github.com/rust-lang/crates.io-index"
checksum = "f63a545481291138910575129486daeaf8ac54aee4387fe7906919f7830c7d9d"

[[package]]
name = "universal-hash"
version = "0.6.0-rc.3"
source = "registry+https://github.com/rust-lang/crates.io-index"
checksum = "9ad6682ddb0189a4d3c2a5c54b8920ab6231ae911db53fc61a0709507bf1713b"
dependencies = [
 "crypto-common",
 "subtle",
]

[[package]]
name = "wait-timeout"
version = "0.2.1"
source = "registry+https://github.com/rust-lang/crates.io-index"
checksum = "09ac3b126d3914f9849036f826e054cbabdc8519970b8998ddaf3b5bd3c65f11"
dependencies = [
 "libc",
]

[[package]]
name = "wasi"
version = "0.14.7+wasi-0.2.4"
source = "registry+https://github.com/rust-lang/crates.io-index"
checksum = "883478de20367e224c0090af9cf5f9fa85bed63a95c1abf3afc5c083ebc06e8c"
dependencies = [
 "wasip2",
]

[[package]]
name = "wasip2"
version = "1.0.1+wasi-0.2.4"
source = "registry+https://github.com/rust-lang/crates.io-index"
checksum = "0562428422c63773dad2c345a1882263bbf4d65cf3f42e90921f787ef5ad58e7"
dependencies = [
 "wit-bindgen",
]

[[package]]
name = "windows-link"
version = "0.2.0"
source = "registry+https://github.com/rust-lang/crates.io-index"
checksum = "45e46c0661abb7180e7b9c281db115305d49ca1709ab8242adf09666d2173c65"

[[package]]
name = "windows-sys"
version = "0.61.1"
source = "registry+https://github.com/rust-lang/crates.io-index"
checksum = "6f109e41dd4a3c848907eb83d5a42ea98b3769495597450cf6d153507b166f0f"
dependencies = [
 "windows-link",
]

[[package]]
name = "winnow"
version = "0.7.13"
source = "registry+https://github.com/rust-lang/crates.io-index"
checksum = "21a0236b59786fed61e2a80582dd500fe61f18b5dca67a4a067d0bc9039339cf"
dependencies = [
 "memchr",
]

[[package]]
name = "wit-bindgen"
version = "0.46.0"
source = "registry+https://github.com/rust-lang/crates.io-index"
checksum = "f17a85883d4e6d00e8a97c586de764dabcc06133f7f1d55dce5cdc070ad7fe59"

[[package]]
name = "zerocopy"
version = "0.8.27"
source = "registry+https://github.com/rust-lang/crates.io-index"
checksum = "0894878a5fa3edfd6da3f88c4805f4c8558e2b996227a3d864f47fe11e38282c"
dependencies = [
 "zerocopy-derive",
]

[[package]]
name = "zerocopy-derive"
version = "0.8.27"
source = "registry+https://github.com/rust-lang/crates.io-index"
checksum = "88d2b8d9c68ad2b9e4340d7832716a4d21a22a1154777ad56ea55c51a9cf3831"
dependencies = [
 "proc-macro2",
 "quote",
 "syn",
]

[[package]]
name = "zeroize"
version = "1.8.2"
source = "registry+https://github.com/rust-lang/crates.io-index"
checksum = "b97154e67e32c85465826e8bcc1c59429aaaf107c1e4a9e53c8d8ccd5eff88d0"
